// !$*UTF8*$!
{
	archiveVersion = 1;
	classes = {
	};
	objectVersion = 50;
	objects = {

/* Begin PBXBuildFile section */
		DC016C10214F9419009833AC /* UIColor+Color.swift in Sources */ = {isa = PBXBuildFile; fileRef = DC016C0F214F9419009833AC /* UIColor+Color.swift */; };
		DC016C15214FAAFE009833AC /* PhotoTableViewCell.swift in Sources */ = {isa = PBXBuildFile; fileRef = DC016C14214FAAFE009833AC /* PhotoTableViewCell.swift */; };
		DC016C17214FCB93009833AC /* InfoTableViewCell.swift in Sources */ = {isa = PBXBuildFile; fileRef = DC016C16214FCB93009833AC /* InfoTableViewCell.swift */; };
		DC016C19214FCBB7009833AC /* ActionsTableViewCell.swift in Sources */ = {isa = PBXBuildFile; fileRef = DC016C18214FCBB7009833AC /* ActionsTableViewCell.swift */; };
		DC016C1B214FCBE0009833AC /* CollectionInfoTableViewCell.swift in Sources */ = {isa = PBXBuildFile; fileRef = DC016C1A214FCBE0009833AC /* CollectionInfoTableViewCell.swift */; };
		DC016C1D214FCC00009833AC /* ActionWithPostsTableViewCell.swift in Sources */ = {isa = PBXBuildFile; fileRef = DC016C1C214FCC00009833AC /* ActionWithPostsTableViewCell.swift */; };
		DC016C1F214FCC1C009833AC /* NewsFeedTableViewCell.swift in Sources */ = {isa = PBXBuildFile; fileRef = DC016C1E214FCC1C009833AC /* NewsFeedTableViewCell.swift */; };
		DC016C21214FDCF4009833AC /* NewsFeedTableViewCell.xib in Resources */ = {isa = PBXBuildFile; fileRef = DC016C20214FDCF4009833AC /* NewsFeedTableViewCell.xib */; };
		DC016C2921513A03009833AC /* ChangeStateButton.swift in Sources */ = {isa = PBXBuildFile; fileRef = DC016C2821513A03009833AC /* ChangeStateButton.swift */; };
		DC358F3A2146A6130068E511 /* AppDelegate.swift in Sources */ = {isa = PBXBuildFile; fileRef = DC358F392146A6130068E511 /* AppDelegate.swift */; };
		DC358F3C2146A6130068E511 /* LoginViewController.swift in Sources */ = {isa = PBXBuildFile; fileRef = DC358F3B2146A6130068E511 /* LoginViewController.swift */; };
		DC358F3F2146A6130068E511 /* Main.storyboard in Resources */ = {isa = PBXBuildFile; fileRef = DC358F3D2146A6130068E511 /* Main.storyboard */; };
		DC358F412146A6140068E511 /* Assets.xcassets in Resources */ = {isa = PBXBuildFile; fileRef = DC358F402146A6140068E511 /* Assets.xcassets */; };
		DC358F442146A6140068E511 /* LaunchScreen.storyboard in Resources */ = {isa = PBXBuildFile; fileRef = DC358F422146A6140068E511 /* LaunchScreen.storyboard */; };
		DC6B37612147A32800D6478F /* CodeInputViewController.swift in Sources */ = {isa = PBXBuildFile; fileRef = DC6B37602147A32800D6478F /* CodeInputViewController.swift */; };
		DC6B37632147A34000D6478F /* UserProfileViewController.swift in Sources */ = {isa = PBXBuildFile; fileRef = DC6B37622147A34000D6478F /* UserProfileViewController.swift */; };
		DC6B37662147C25D00D6478F /* ValidationError.swift in Sources */ = {isa = PBXBuildFile; fileRef = DC6B37652147C25D00D6478F /* ValidationError.swift */; };
		DC6B376D2147E1AC00D6478F /* UITextField+Border.swift in Sources */ = {isa = PBXBuildFile; fileRef = DC6B376C2147E1AC00D6478F /* UITextField+Border.swift */; };
		DC6B376F2147E27100D6478F /* ApiRequest.swift in Sources */ = {isa = PBXBuildFile; fileRef = DC6B376E2147E27100D6478F /* ApiRequest.swift */; };
		DC79839D2148F209005FCA08 /* UIViewController+Alert.swift in Sources */ = {isa = PBXBuildFile; fileRef = DC79839C2148F209005FCA08 /* UIViewController+Alert.swift */; };
		DC7983A421495F69005FCA08 /* CustomColor.swift in Sources */ = {isa = PBXBuildFile; fileRef = DC7983A321495F69005FCA08 /* CustomColor.swift */; };
		DC7983A621495F7A005FCA08 /* CustomFont.swift in Sources */ = {isa = PBXBuildFile; fileRef = DC7983A521495F7A005FCA08 /* CustomFont.swift */; };
		DC7FE579214B94A9008C18F4 /* UIButton+Border.swift in Sources */ = {isa = PBXBuildFile; fileRef = DC7FE578214B94A9008C18F4 /* UIButton+Border.swift */; };
		DC81C848214A4BA200877D27 /* Validator.swift in Sources */ = {isa = PBXBuildFile; fileRef = DC81C847214A4BA200877D27 /* Validator.swift */; };
		DC81C84A214A4D3800877D27 /* ColorAssigner.swift in Sources */ = {isa = PBXBuildFile; fileRef = DC81C849214A4D3800877D27 /* ColorAssigner.swift */; };
		DC81C84C214A656B00877D27 /* UserProfile.storyboard in Resources */ = {isa = PBXBuildFile; fileRef = DC81C84B214A656B00877D27 /* UserProfile.storyboard */; };
		DC81C851214AAD7200877D27 /* UIView+Image.swift in Sources */ = {isa = PBXBuildFile; fileRef = DC81C850214AAD7200877D27 /* UIView+Image.swift */; };
		E813F125E1F281606B25E4A3 /* Pods_SocialApp.framework in Frameworks */ = {isa = PBXBuildFile; fileRef = A364BBB1EF8D5D0ECB81AFF6 /* Pods_SocialApp.framework */; };
/* End PBXBuildFile section */

/* Begin PBXFileReference section */
		A364BBB1EF8D5D0ECB81AFF6 /* Pods_SocialApp.framework */ = {isa = PBXFileReference; explicitFileType = wrapper.framework; includeInIndex = 0; path = Pods_SocialApp.framework; sourceTree = BUILT_PRODUCTS_DIR; };
		D3EFAA50923B79A5FD1F6C90 /* Pods-SocialApp.release.xcconfig */ = {isa = PBXFileReference; includeInIndex = 1; lastKnownFileType = text.xcconfig; name = "Pods-SocialApp.release.xcconfig"; path = "Pods/Target Support Files/Pods-SocialApp/Pods-SocialApp.release.xcconfig"; sourceTree = "<group>"; };
		DC016C0F214F9419009833AC /* UIColor+Color.swift */ = {isa = PBXFileReference; lastKnownFileType = sourcecode.swift; path = "UIColor+Color.swift"; sourceTree = "<group>"; };
		DC016C14214FAAFE009833AC /* PhotoTableViewCell.swift */ = {isa = PBXFileReference; lastKnownFileType = sourcecode.swift; path = PhotoTableViewCell.swift; sourceTree = "<group>"; };
		DC016C16214FCB93009833AC /* InfoTableViewCell.swift */ = {isa = PBXFileReference; lastKnownFileType = sourcecode.swift; name = InfoTableViewCell.swift; path = SocialApp/Views/InfoTableViewCell.swift; sourceTree = SOURCE_ROOT; };
		DC016C18214FCBB7009833AC /* ActionsTableViewCell.swift */ = {isa = PBXFileReference; lastKnownFileType = sourcecode.swift; name = ActionsTableViewCell.swift; path = SocialApp/Views/ActionsTableViewCell.swift; sourceTree = SOURCE_ROOT; };
		DC016C1A214FCBE0009833AC /* CollectionInfoTableViewCell.swift */ = {isa = PBXFileReference; lastKnownFileType = sourcecode.swift; path = CollectionInfoTableViewCell.swift; sourceTree = "<group>"; };
		DC016C1C214FCC00009833AC /* ActionWithPostsTableViewCell.swift */ = {isa = PBXFileReference; lastKnownFileType = sourcecode.swift; path = ActionWithPostsTableViewCell.swift; sourceTree = "<group>"; };
		DC016C1E214FCC1C009833AC /* NewsFeedTableViewCell.swift */ = {isa = PBXFileReference; lastKnownFileType = sourcecode.swift; path = NewsFeedTableViewCell.swift; sourceTree = "<group>"; };
		DC016C20214FDCF4009833AC /* NewsFeedTableViewCell.xib */ = {isa = PBXFileReference; lastKnownFileType = file.xib; path = NewsFeedTableViewCell.xib; sourceTree = "<group>"; };
		DC016C2821513A03009833AC /* ChangeStateButton.swift */ = {isa = PBXFileReference; lastKnownFileType = sourcecode.swift; path = ChangeStateButton.swift; sourceTree = "<group>"; };
		DC358F362146A6130068E511 /* SocialApp.app */ = {isa = PBXFileReference; explicitFileType = wrapper.application; includeInIndex = 0; path = SocialApp.app; sourceTree = BUILT_PRODUCTS_DIR; };
		DC358F392146A6130068E511 /* AppDelegate.swift */ = {isa = PBXFileReference; lastKnownFileType = sourcecode.swift; path = AppDelegate.swift; sourceTree = "<group>"; };
		DC358F3B2146A6130068E511 /* LoginViewController.swift */ = {isa = PBXFileReference; lastKnownFileType = sourcecode.swift; path = LoginViewController.swift; sourceTree = "<group>"; };
		DC358F3E2146A6130068E511 /* Base */ = {isa = PBXFileReference; lastKnownFileType = file.storyboard; name = Base; path = Base.lproj/Main.storyboard; sourceTree = "<group>"; };
		DC358F402146A6140068E511 /* Assets.xcassets */ = {isa = PBXFileReference; lastKnownFileType = folder.assetcatalog; path = Assets.xcassets; sourceTree = "<group>"; };
		DC358F432146A6140068E511 /* Base */ = {isa = PBXFileReference; lastKnownFileType = file.storyboard; name = Base; path = Base.lproj/LaunchScreen.storyboard; sourceTree = "<group>"; };
		DC358F452146A6140068E511 /* Info.plist */ = {isa = PBXFileReference; lastKnownFileType = text.plist.xml; path = Info.plist; sourceTree = "<group>"; };
		DC6B37602147A32800D6478F /* CodeInputViewController.swift */ = {isa = PBXFileReference; lastKnownFileType = sourcecode.swift; path = CodeInputViewController.swift; sourceTree = "<group>"; };
		DC6B37622147A34000D6478F /* UserProfileViewController.swift */ = {isa = PBXFileReference; lastKnownFileType = sourcecode.swift; path = UserProfileViewController.swift; sourceTree = "<group>"; };
		DC6B37652147C25D00D6478F /* ValidationError.swift */ = {isa = PBXFileReference; lastKnownFileType = sourcecode.swift; path = ValidationError.swift; sourceTree = "<group>"; };
		DC6B376C2147E1AC00D6478F /* UITextField+Border.swift */ = {isa = PBXFileReference; lastKnownFileType = sourcecode.swift; path = "UITextField+Border.swift"; sourceTree = "<group>"; };
		DC6B376E2147E27100D6478F /* ApiRequest.swift */ = {isa = PBXFileReference; lastKnownFileType = sourcecode.swift; path = ApiRequest.swift; sourceTree = "<group>"; };
		DC79839C2148F209005FCA08 /* UIViewController+Alert.swift */ = {isa = PBXFileReference; lastKnownFileType = sourcecode.swift; path = "UIViewController+Alert.swift"; sourceTree = "<group>"; };
		DC7983A321495F69005FCA08 /* CustomColor.swift */ = {isa = PBXFileReference; lastKnownFileType = sourcecode.swift; path = CustomColor.swift; sourceTree = "<group>"; };
		DC7983A521495F7A005FCA08 /* CustomFont.swift */ = {isa = PBXFileReference; lastKnownFileType = sourcecode.swift; path = CustomFont.swift; sourceTree = "<group>"; };
		DC7FE578214B94A9008C18F4 /* UIButton+Border.swift */ = {isa = PBXFileReference; lastKnownFileType = sourcecode.swift; path = "UIButton+Border.swift"; sourceTree = "<group>"; };
		DC81C847214A4BA200877D27 /* Validator.swift */ = {isa = PBXFileReference; lastKnownFileType = sourcecode.swift; path = Validator.swift; sourceTree = "<group>"; };
		DC81C849214A4D3800877D27 /* ColorAssigner.swift */ = {isa = PBXFileReference; lastKnownFileType = sourcecode.swift; path = ColorAssigner.swift; sourceTree = "<group>"; };
		DC81C84B214A656B00877D27 /* UserProfile.storyboard */ = {isa = PBXFileReference; lastKnownFileType = file.storyboard; path = UserProfile.storyboard; sourceTree = "<group>"; };
		DC81C850214AAD7200877D27 /* UIView+Image.swift */ = {isa = PBXFileReference; lastKnownFileType = sourcecode.swift; path = "UIView+Image.swift"; sourceTree = "<group>"; };
		F180877A42B29999181E5F3A /* Pods-SocialApp.debug.xcconfig */ = {isa = PBXFileReference; includeInIndex = 1; lastKnownFileType = text.xcconfig; name = "Pods-SocialApp.debug.xcconfig"; path = "Pods/Target Support Files/Pods-SocialApp/Pods-SocialApp.debug.xcconfig"; sourceTree = "<group>"; };
/* End PBXFileReference section */

/* Begin PBXFrameworksBuildPhase section */
		DC358F332146A6130068E511 /* Frameworks */ = {
			isa = PBXFrameworksBuildPhase;
			buildActionMask = 2147483647;
			files = (
				E813F125E1F281606B25E4A3 /* Pods_SocialApp.framework in Frameworks */,
			);
			runOnlyForDeploymentPostprocessing = 0;
		};
/* End PBXFrameworksBuildPhase section */

/* Begin PBXGroup section */
		96CF0A6D9F1200A28636D74B /* Frameworks */ = {
			isa = PBXGroup;
			children = (
				A364BBB1EF8D5D0ECB81AFF6 /* Pods_SocialApp.framework */,
			);
			name = Frameworks;
			sourceTree = "<group>";
		};
		C828E9C7BE471B2D97FF0537 /* Pods */ = {
			isa = PBXGroup;
			children = (
				F180877A42B29999181E5F3A /* Pods-SocialApp.debug.xcconfig */,
				D3EFAA50923B79A5FD1F6C90 /* Pods-SocialApp.release.xcconfig */,
			);
			name = Pods;
			sourceTree = "<group>";
		};
		DC016C13214FA9E3009833AC /* Views */ = {
			isa = PBXGroup;
			children = (
				DC016C14214FAAFE009833AC /* PhotoTableViewCell.swift */,
				DC016C16214FCB93009833AC /* InfoTableViewCell.swift */,
				DC016C18214FCBB7009833AC /* ActionsTableViewCell.swift */,
				DC016C1A214FCBE0009833AC /* CollectionInfoTableViewCell.swift */,
				DC016C1C214FCC00009833AC /* ActionWithPostsTableViewCell.swift */,
				DC016C1E214FCC1C009833AC /* NewsFeedTableViewCell.swift */,
			);
			path = Views;
			sourceTree = "<group>";
		};
		DC016C27215138F2009833AC /* Subclasses */ = {
			isa = PBXGroup;
			children = (
				DC016C2821513A03009833AC /* ChangeStateButton.swift */,
			);
			path = Subclasses;
			sourceTree = "<group>";
		};
		DC358F2D2146A6130068E511 = {
			isa = PBXGroup;
			children = (
				DC358F382146A6130068E511 /* SocialApp */,
				DC358F372146A6130068E511 /* Products */,
				C828E9C7BE471B2D97FF0537 /* Pods */,
				96CF0A6D9F1200A28636D74B /* Frameworks */,
			);
			sourceTree = "<group>";
		};
		DC358F372146A6130068E511 /* Products */ = {
			isa = PBXGroup;
			children = (
				DC358F362146A6130068E511 /* SocialApp.app */,
			);
			name = Products;
			sourceTree = "<group>";
		};
		DC358F382146A6130068E511 /* SocialApp */ = {
			isa = PBXGroup;
			children = (
				DC016C27215138F2009833AC /* Subclasses */,
				DC016C13214FA9E3009833AC /* Views */,
				DC7983A221495F46005FCA08 /* Network */,
				DC358F4E2146AC410068E511 /* Enums */,
				DC358F4D2146AC3B0068E511 /* Utilities */,
				DC358F4F2146AC4A0068E511 /* Extensions */,
				DC358F4C2146AC300068E511 /* ViewControllers */,
				DC7983A0214941C0005FCA08 /* Storyboards */,
				DC7983A121495F21005FCA08 /* Resources */,
				DC358F4B2146ABCA0068E511 /* Supporting files */,
			);
			path = SocialApp;
			sourceTree = "<group>";
		};
		DC358F4B2146ABCA0068E511 /* Supporting files */ = {
			isa = PBXGroup;
			children = (
				DC358F392146A6130068E511 /* AppDelegate.swift */,
			);
			path = "Supporting files";
			sourceTree = "<group>";
		};
		DC358F4C2146AC300068E511 /* ViewControllers */ = {
			isa = PBXGroup;
			children = (
				DC358F3B2146A6130068E511 /* LoginViewController.swift */,
				DC6B37602147A32800D6478F /* CodeInputViewController.swift */,
				DC6B37622147A34000D6478F /* UserProfileViewController.swift */,
			);
			path = ViewControllers;
			sourceTree = "<group>";
		};
		DC358F4D2146AC3B0068E511 /* Utilities */ = {
			isa = PBXGroup;
			children = (
				DC81C847214A4BA200877D27 /* Validator.swift */,
				DC81C849214A4D3800877D27 /* ColorAssigner.swift */,
			);
			path = Utilities;
			sourceTree = "<group>";
		};
		DC358F4E2146AC410068E511 /* Enums */ = {
			isa = PBXGroup;
			children = (
				DC6B37652147C25D00D6478F /* ValidationError.swift */,
				DC7983A321495F69005FCA08 /* CustomColor.swift */,
				DC7983A521495F7A005FCA08 /* CustomFont.swift */,
			);
			path = Enums;
			sourceTree = "<group>";
		};
		DC358F4F2146AC4A0068E511 /* Extensions */ = {
			isa = PBXGroup;
			children = (
				DC6B376C2147E1AC00D6478F /* UITextField+Border.swift */,
				DC79839C2148F209005FCA08 /* UIViewController+Alert.swift */,
				DC81C850214AAD7200877D27 /* UIView+Image.swift */,
				DC7FE578214B94A9008C18F4 /* UIButton+Border.swift */,
				DC016C0F214F9419009833AC /* UIColor+Color.swift */,
			);
			path = Extensions;
			sourceTree = "<group>";
		};
		DC7983A0214941C0005FCA08 /* Storyboards */ = {
			isa = PBXGroup;
			children = (
				DC358F422146A6140068E511 /* LaunchScreen.storyboard */,
				DC358F3D2146A6130068E511 /* Main.storyboard */,
				DC81C84B214A656B00877D27 /* UserProfile.storyboard */,
				DC016C20214FDCF4009833AC /* NewsFeedTableViewCell.xib */,
			);
			path = Storyboards;
			sourceTree = "<group>";
		};
		DC7983A121495F21005FCA08 /* Resources */ = {
			isa = PBXGroup;
			children = (
				DC358F402146A6140068E511 /* Assets.xcassets */,
				DC358F452146A6140068E511 /* Info.plist */,
			);
			path = Resources;
			sourceTree = "<group>";
		};
		DC7983A221495F46005FCA08 /* Network */ = {
			isa = PBXGroup;
			children = (
				DC6B376E2147E27100D6478F /* ApiRequest.swift */,
			);
			path = Network;
			sourceTree = "<group>";
		};
/* End PBXGroup section */

/* Begin PBXNativeTarget section */
		DC358F352146A6130068E511 /* SocialApp */ = {
			isa = PBXNativeTarget;
			buildConfigurationList = DC358F482146A6140068E511 /* Build configuration list for PBXNativeTarget "SocialApp" */;
			buildPhases = (
				918AE5A8A653349A3E90FF13 /* [CP] Check Pods Manifest.lock */,
				DC358F322146A6130068E511 /* Sources */,
				DC358F332146A6130068E511 /* Frameworks */,
				DC358F342146A6130068E511 /* Resources */,
				281DD488793FAB4407CB3E48 /* [CP] Embed Pods Frameworks */,
			);
			buildRules = (
			);
			dependencies = (
			);
			name = SocialApp;
			productName = SocialApp;
			productReference = DC358F362146A6130068E511 /* SocialApp.app */;
			productType = "com.apple.product-type.application";
		};
/* End PBXNativeTarget section */

/* Begin PBXProject section */
		DC358F2E2146A6130068E511 /* Project object */ = {
			isa = PBXProject;
			attributes = {
				LastSwiftUpdateCheck = 0940;
				LastUpgradeCheck = 0940;
				ORGANIZATIONNAME = "Alina Zaitseva";
				TargetAttributes = {
					DC358F352146A6130068E511 = {
						CreatedOnToolsVersion = 9.4.1;
						LastSwiftMigration = 1000;
					};
				};
			};
			buildConfigurationList = DC358F312146A6130068E511 /* Build configuration list for PBXProject "SocialApp" */;
			compatibilityVersion = "Xcode 9.3";
			developmentRegion = en;
			hasScannedForEncodings = 0;
			knownRegions = (
				en,
				Base,
			);
			mainGroup = DC358F2D2146A6130068E511;
			productRefGroup = DC358F372146A6130068E511 /* Products */;
			projectDirPath = "";
			projectRoot = "";
			targets = (
				DC358F352146A6130068E511 /* SocialApp */,
			);
		};
/* End PBXProject section */

/* Begin PBXResourcesBuildPhase section */
		DC358F342146A6130068E511 /* Resources */ = {
			isa = PBXResourcesBuildPhase;
			buildActionMask = 2147483647;
			files = (
				DC81C84C214A656B00877D27 /* UserProfile.storyboard in Resources */,
				DC016C21214FDCF4009833AC /* NewsFeedTableViewCell.xib in Resources */,
				DC358F442146A6140068E511 /* LaunchScreen.storyboard in Resources */,
				DC358F412146A6140068E511 /* Assets.xcassets in Resources */,
				DC358F3F2146A6130068E511 /* Main.storyboard in Resources */,
			);
			runOnlyForDeploymentPostprocessing = 0;
		};
/* End PBXResourcesBuildPhase section */

/* Begin PBXShellScriptBuildPhase section */
		281DD488793FAB4407CB3E48 /* [CP] Embed Pods Frameworks */ = {
			isa = PBXShellScriptBuildPhase;
			buildActionMask = 2147483647;
			files = (
			);
			inputPaths = (
				"${SRCROOT}/Pods/Target Support Files/Pods-SocialApp/Pods-SocialApp-frameworks.sh",
				"${BUILT_PRODUCTS_DIR}/PhoneNumberKit/PhoneNumberKit.framework",
			);
			name = "[CP] Embed Pods Frameworks";
			outputPaths = (
				"${TARGET_BUILD_DIR}/${FRAMEWORKS_FOLDER_PATH}/PhoneNumberKit.framework",
			);
			runOnlyForDeploymentPostprocessing = 0;
			shellPath = /bin/sh;
			shellScript = "\"${SRCROOT}/Pods/Target Support Files/Pods-SocialApp/Pods-SocialApp-frameworks.sh\"\n";
			showEnvVarsInLog = 0;
		};
		918AE5A8A653349A3E90FF13 /* [CP] Check Pods Manifest.lock */ = {
			isa = PBXShellScriptBuildPhase;
			buildActionMask = 2147483647;
			files = (
			);
			inputPaths = (
				"${PODS_PODFILE_DIR_PATH}/Podfile.lock",
				"${PODS_ROOT}/Manifest.lock",
			);
			name = "[CP] Check Pods Manifest.lock";
			outputPaths = (
				"$(DERIVED_FILE_DIR)/Pods-SocialApp-checkManifestLockResult.txt",
			);
			runOnlyForDeploymentPostprocessing = 0;
			shellPath = /bin/sh;
			shellScript = "diff \"${PODS_PODFILE_DIR_PATH}/Podfile.lock\" \"${PODS_ROOT}/Manifest.lock\" > /dev/null\nif [ $? != 0 ] ; then\n    # print error to STDERR\n    echo \"error: The sandbox is not in sync with the Podfile.lock. Run 'pod install' or update your CocoaPods installation.\" >&2\n    exit 1\nfi\n# This output is used by Xcode 'outputs' to avoid re-running this script phase.\necho \"SUCCESS\" > \"${SCRIPT_OUTPUT_FILE_0}\"\n";
			showEnvVarsInLog = 0;
		};
/* End PBXShellScriptBuildPhase section */

/* Begin PBXSourcesBuildPhase section */
		DC358F322146A6130068E511 /* Sources */ = {
			isa = PBXSourcesBuildPhase;
			buildActionMask = 2147483647;
			files = (
				DC358F3C2146A6130068E511 /* LoginViewController.swift in Sources */,
				DC6B37662147C25D00D6478F /* ValidationError.swift in Sources */,
				DC016C17214FCB93009833AC /* InfoTableViewCell.swift in Sources */,
				DC016C1F214FCC1C009833AC /* NewsFeedTableViewCell.swift in Sources */,
				DC7983A421495F69005FCA08 /* CustomColor.swift in Sources */,
				DC6B37632147A34000D6478F /* UserProfileViewController.swift in Sources */,
				DC016C15214FAAFE009833AC /* PhotoTableViewCell.swift in Sources */,
				DC358F3A2146A6130068E511 /* AppDelegate.swift in Sources */,
				DC81C851214AAD7200877D27 /* UIView+Image.swift in Sources */,
				DC81C84A214A4D3800877D27 /* ColorAssigner.swift in Sources */,
				DC81C848214A4BA200877D27 /* Validator.swift in Sources */,
				DC016C19214FCBB7009833AC /* ActionsTableViewCell.swift in Sources */,
				DC7983A621495F7A005FCA08 /* CustomFont.swift in Sources */,
				DC016C1B214FCBE0009833AC /* CollectionInfoTableViewCell.swift in Sources */,
				DC016C10214F9419009833AC /* UIColor+Color.swift in Sources */,
				DC79839D2148F209005FCA08 /* UIViewController+Alert.swift in Sources */,
				DC6B376D2147E1AC00D6478F /* UITextField+Border.swift in Sources */,
				DC016C2921513A03009833AC /* ChangeStateButton.swift in Sources */,
				DC6B376F2147E27100D6478F /* ApiRequest.swift in Sources */,
				DC6B37612147A32800D6478F /* CodeInputViewController.swift in Sources */,
				DC7FE579214B94A9008C18F4 /* UIButton+Border.swift in Sources */,
				DC016C1D214FCC00009833AC /* ActionWithPostsTableViewCell.swift in Sources */,
			);
			runOnlyForDeploymentPostprocessing = 0;
		};
/* End PBXSourcesBuildPhase section */

/* Begin PBXVariantGroup section */
		DC358F3D2146A6130068E511 /* Main.storyboard */ = {
			isa = PBXVariantGroup;
			children = (
				DC358F3E2146A6130068E511 /* Base */,
			);
			name = Main.storyboard;
			sourceTree = "<group>";
		};
		DC358F422146A6140068E511 /* LaunchScreen.storyboard */ = {
			isa = PBXVariantGroup;
			children = (
				DC358F432146A6140068E511 /* Base */,
			);
			name = LaunchScreen.storyboard;
			sourceTree = "<group>";
		};
/* End PBXVariantGroup section */

/* Begin XCBuildConfiguration section */
		DC358F462146A6140068E511 /* Debug */ = {
			isa = XCBuildConfiguration;
			buildSettings = {
				ALWAYS_SEARCH_USER_PATHS = NO;
				CLANG_ANALYZER_NONNULL = YES;
				CLANG_ANALYZER_NUMBER_OBJECT_CONVERSION = YES_AGGRESSIVE;
				CLANG_CXX_LANGUAGE_STANDARD = "gnu++14";
				CLANG_CXX_LIBRARY = "libc++";
				CLANG_ENABLE_MODULES = YES;
				CLANG_ENABLE_OBJC_ARC = YES;
				CLANG_ENABLE_OBJC_WEAK = YES;
				CLANG_WARN_BLOCK_CAPTURE_AUTORELEASING = YES;
				CLANG_WARN_BOOL_CONVERSION = YES;
				CLANG_WARN_COMMA = YES;
				CLANG_WARN_CONSTANT_CONVERSION = YES;
				CLANG_WARN_DEPRECATED_OBJC_IMPLEMENTATIONS = YES;
				CLANG_WARN_DIRECT_OBJC_ISA_USAGE = YES_ERROR;
				CLANG_WARN_DOCUMENTATION_COMMENTS = YES;
				CLANG_WARN_EMPTY_BODY = YES;
				CLANG_WARN_ENUM_CONVERSION = YES;
				CLANG_WARN_INFINITE_RECURSION = YES;
				CLANG_WARN_INT_CONVERSION = YES;
				CLANG_WARN_NON_LITERAL_NULL_CONVERSION = YES;
				CLANG_WARN_OBJC_IMPLICIT_RETAIN_SELF = YES;
				CLANG_WARN_OBJC_LITERAL_CONVERSION = YES;
				CLANG_WARN_OBJC_ROOT_CLASS = YES_ERROR;
				CLANG_WARN_RANGE_LOOP_ANALYSIS = YES;
				CLANG_WARN_STRICT_PROTOTYPES = YES;
				CLANG_WARN_SUSPICIOUS_MOVE = YES;
				CLANG_WARN_UNGUARDED_AVAILABILITY = YES_AGGRESSIVE;
				CLANG_WARN_UNREACHABLE_CODE = YES;
				CLANG_WARN__DUPLICATE_METHOD_MATCH = YES;
				CODE_SIGN_IDENTITY = "iPhone Developer";
				COPY_PHASE_STRIP = NO;
				DEBUG_INFORMATION_FORMAT = dwarf;
				ENABLE_STRICT_OBJC_MSGSEND = YES;
				ENABLE_TESTABILITY = YES;
				GCC_C_LANGUAGE_STANDARD = gnu11;
				GCC_DYNAMIC_NO_PIC = NO;
				GCC_NO_COMMON_BLOCKS = YES;
				GCC_OPTIMIZATION_LEVEL = 0;
				GCC_PREPROCESSOR_DEFINITIONS = (
					"DEBUG=1",
					"$(inherited)",
				);
				GCC_WARN_64_TO_32_BIT_CONVERSION = YES;
				GCC_WARN_ABOUT_RETURN_TYPE = YES_ERROR;
				GCC_WARN_UNDECLARED_SELECTOR = YES;
				GCC_WARN_UNINITIALIZED_AUTOS = YES_AGGRESSIVE;
				GCC_WARN_UNUSED_FUNCTION = YES;
				GCC_WARN_UNUSED_VARIABLE = YES;
				IPHONEOS_DEPLOYMENT_TARGET = 11.4;
				MTL_ENABLE_DEBUG_INFO = YES;
				ONLY_ACTIVE_ARCH = YES;
				SDKROOT = iphoneos;
				SWIFT_ACTIVE_COMPILATION_CONDITIONS = DEBUG;
				SWIFT_OPTIMIZATION_LEVEL = "-Onone";
			};
			name = Debug;
		};
		DC358F472146A6140068E511 /* Release */ = {
			isa = XCBuildConfiguration;
			buildSettings = {
				ALWAYS_SEARCH_USER_PATHS = NO;
				CLANG_ANALYZER_NONNULL = YES;
				CLANG_ANALYZER_NUMBER_OBJECT_CONVERSION = YES_AGGRESSIVE;
				CLANG_CXX_LANGUAGE_STANDARD = "gnu++14";
				CLANG_CXX_LIBRARY = "libc++";
				CLANG_ENABLE_MODULES = YES;
				CLANG_ENABLE_OBJC_ARC = YES;
				CLANG_ENABLE_OBJC_WEAK = YES;
				CLANG_WARN_BLOCK_CAPTURE_AUTORELEASING = YES;
				CLANG_WARN_BOOL_CONVERSION = YES;
				CLANG_WARN_COMMA = YES;
				CLANG_WARN_CONSTANT_CONVERSION = YES;
				CLANG_WARN_DEPRECATED_OBJC_IMPLEMENTATIONS = YES;
				CLANG_WARN_DIRECT_OBJC_ISA_USAGE = YES_ERROR;
				CLANG_WARN_DOCUMENTATION_COMMENTS = YES;
				CLANG_WARN_EMPTY_BODY = YES;
				CLANG_WARN_ENUM_CONVERSION = YES;
				CLANG_WARN_INFINITE_RECURSION = YES;
				CLANG_WARN_INT_CONVERSION = YES;
				CLANG_WARN_NON_LITERAL_NULL_CONVERSION = YES;
				CLANG_WARN_OBJC_IMPLICIT_RETAIN_SELF = YES;
				CLANG_WARN_OBJC_LITERAL_CONVERSION = YES;
				CLANG_WARN_OBJC_ROOT_CLASS = YES_ERROR;
				CLANG_WARN_RANGE_LOOP_ANALYSIS = YES;
				CLANG_WARN_STRICT_PROTOTYPES = YES;
				CLANG_WARN_SUSPICIOUS_MOVE = YES;
				CLANG_WARN_UNGUARDED_AVAILABILITY = YES_AGGRESSIVE;
				CLANG_WARN_UNREACHABLE_CODE = YES;
				CLANG_WARN__DUPLICATE_METHOD_MATCH = YES;
				CODE_SIGN_IDENTITY = "iPhone Developer";
				COPY_PHASE_STRIP = NO;
				DEBUG_INFORMATION_FORMAT = "dwarf-with-dsym";
				ENABLE_NS_ASSERTIONS = NO;
				ENABLE_STRICT_OBJC_MSGSEND = YES;
				GCC_C_LANGUAGE_STANDARD = gnu11;
				GCC_NO_COMMON_BLOCKS = YES;
				GCC_WARN_64_TO_32_BIT_CONVERSION = YES;
				GCC_WARN_ABOUT_RETURN_TYPE = YES_ERROR;
				GCC_WARN_UNDECLARED_SELECTOR = YES;
				GCC_WARN_UNINITIALIZED_AUTOS = YES_AGGRESSIVE;
				GCC_WARN_UNUSED_FUNCTION = YES;
				GCC_WARN_UNUSED_VARIABLE = YES;
				IPHONEOS_DEPLOYMENT_TARGET = 11.4;
				MTL_ENABLE_DEBUG_INFO = NO;
				SDKROOT = iphoneos;
				SWIFT_COMPILATION_MODE = wholemodule;
				SWIFT_OPTIMIZATION_LEVEL = "-O";
				VALIDATE_PRODUCT = YES;
			};
			name = Release;
		};
		DC358F492146A6140068E511 /* Debug */ = {
			isa = XCBuildConfiguration;
			baseConfigurationReference = F180877A42B29999181E5F3A /* Pods-SocialApp.debug.xcconfig */;
			buildSettings = {
				ASSETCATALOG_COMPILER_APPICON_NAME = AppIcon;
				CODE_SIGN_STYLE = Automatic;
				INFOPLIST_FILE = SocialApp/Resources/Info.plist;
				LD_RUNPATH_SEARCH_PATHS = (
					"$(inherited)",
					"@executable_path/Frameworks",
				);
				PRODUCT_BUNDLE_IDENTIFIER = steelkiwi.SocialApp;
				PRODUCT_NAME = "$(TARGET_NAME)";
				SWIFT_VERSION = 4.2;
				TARGETED_DEVICE_FAMILY = "1,2";
			};
			name = Debug;
		};
		DC358F4A2146A6140068E511 /* Release */ = {
			isa = XCBuildConfiguration;
			baseConfigurationReference = D3EFAA50923B79A5FD1F6C90 /* Pods-SocialApp.release.xcconfig */;
			buildSettings = {
				ASSETCATALOG_COMPILER_APPICON_NAME = AppIcon;
				CODE_SIGN_STYLE = Automatic;
				INFOPLIST_FILE = SocialApp/Resources/Info.plist;
				LD_RUNPATH_SEARCH_PATHS = (
					"$(inherited)",
					"@executable_path/Frameworks",
				);
				PRODUCT_BUNDLE_IDENTIFIER = steelkiwi.SocialApp;
				PRODUCT_NAME = "$(TARGET_NAME)";
				SWIFT_VERSION = 4.2;
				TARGETED_DEVICE_FAMILY = "1,2";
			};
			name = Release;
		};
/* End XCBuildConfiguration section */

/* Begin XCConfigurationList section */
		DC358F312146A6130068E511 /* Build configuration list for PBXProject "SocialApp" */ = {
			isa = XCConfigurationList;
			buildConfigurations = (
				DC358F462146A6140068E511 /* Debug */,
				DC358F472146A6140068E511 /* Release */,
			);
			defaultConfigurationIsVisible = 0;
			defaultConfigurationName = Release;
		};
		DC358F482146A6140068E511 /* Build configuration list for PBXNativeTarget "SocialApp" */ = {
			isa = XCConfigurationList;
			buildConfigurations = (
				DC358F492146A6140068E511 /* Debug */,
				DC358F4A2146A6140068E511 /* Release */,
			);
			defaultConfigurationIsVisible = 0;
			defaultConfigurationName = Release;
		};
/* End XCConfigurationList section */
	};
	rootObject = DC358F2E2146A6130068E511 /* Project object */;
}
