// !$*UTF8*$!
{
	archiveVersion = 1;
	classes = {
	};
	objectVersion = 50;
	objects = {

/* Begin PBXBuildFile section */
		DC016C10214F9419009833AC /* UIColor+Color.swift in Sources */ = {isa = PBXBuildFile; fileRef = DC016C0F214F9419009833AC /* UIColor+Color.swift */; };
		DC016C15214FAAFE009833AC /* PhotoTableViewCell.swift in Sources */ = {isa = PBXBuildFile; fileRef = DC016C14214FAAFE009833AC /* PhotoTableViewCell.swift */; };
		DC016C17214FCB93009833AC /* InfoTableViewCell.swift in Sources */ = {isa = PBXBuildFile; fileRef = DC016C16214FCB93009833AC /* InfoTableViewCell.swift */; };
		DC016C19214FCBB7009833AC /* ActionsTableViewCell.swift in Sources */ = {isa = PBXBuildFile; fileRef = DC016C18214FCBB7009833AC /* ActionsTableViewCell.swift */; };
		DC016C1B214FCBE0009833AC /* CollectionInfoTableViewCell.swift in Sources */ = {isa = PBXBuildFile; fileRef = DC016C1A214FCBE0009833AC /* CollectionInfoTableViewCell.swift */; };
		DC016C1F214FCC1C009833AC /* NewsFeedTableViewCell.swift in Sources */ = {isa = PBXBuildFile; fileRef = DC016C1E214FCC1C009833AC /* NewsFeedTableViewCell.swift */; };
		DC016C21214FDCF4009833AC /* NewsFeedTableViewCell.xib in Resources */ = {isa = PBXBuildFile; fileRef = DC016C20214FDCF4009833AC /* NewsFeedTableViewCell.xib */; };
		DC016C2921513A03009833AC /* ChangeStateButton.swift in Sources */ = {isa = PBXBuildFile; fileRef = DC016C2821513A03009833AC /* ChangeStateButton.swift */; };
		DC2517AE2164DFA600781321 /* CustomSectionHeader.swift in Sources */ = {isa = PBXBuildFile; fileRef = DC2517AD2164DFA600781321 /* CustomSectionHeader.swift */; };
		DC2517B02164E1AE00781321 /* CustomSectionHeader.xib in Resources */ = {isa = PBXBuildFile; fileRef = DC2517AF2164E1AE00781321 /* CustomSectionHeader.xib */; };
		DC27B8DA21529E55007978D1 /* UserProfileCounterCollectionViewCell.swift in Sources */ = {isa = PBXBuildFile; fileRef = DC27B8D821529E55007978D1 /* UserProfileCounterCollectionViewCell.swift */; };
		DC27B8E82153D7CF007978D1 /* ProfileEntity.swift in Sources */ = {isa = PBXBuildFile; fileRef = DC27B8E72153D7CF007978D1 /* ProfileEntity.swift */; };
		DC27B8F32153EBEE007978D1 /* UIImageView+LoadImage.swift in Sources */ = {isa = PBXBuildFile; fileRef = DC27B8F22153EBEE007978D1 /* UIImageView+LoadImage.swift */; };
		DC27B8FD215A180D007978D1 /* Warnings.swift in Sources */ = {isa = PBXBuildFile; fileRef = DC27B8FC215A180D007978D1 /* Warnings.swift */; };
		DC27B901215A8307007978D1 /* UserDefaultsKeys.swift in Sources */ = {isa = PBXBuildFile; fileRef = DC27B900215A8307007978D1 /* UserDefaultsKeys.swift */; };
		DC27B903215B8604007978D1 /* UserDefaults+EnumKeys.swift in Sources */ = {isa = PBXBuildFile; fileRef = DC27B902215B8604007978D1 /* UserDefaults+EnumKeys.swift */; };
		DC27B905215BB1F1007978D1 /* PostEntity.swift in Sources */ = {isa = PBXBuildFile; fileRef = DC27B904215BB1F1007978D1 /* PostEntity.swift */; };
		DC27B90B215CF40C007978D1 /* DateFormatter+Date.swift in Sources */ = {isa = PBXBuildFile; fileRef = DC27B90A215CF40C007978D1 /* DateFormatter+Date.swift */; };
		DC27B90F215E494B007978D1 /* OrderBy.swift in Sources */ = {isa = PBXBuildFile; fileRef = DC27B90E215E494B007978D1 /* OrderBy.swift */; };
		DC27B913215E7298007978D1 /* DateFormatter+String.swift in Sources */ = {isa = PBXBuildFile; fileRef = DC27B912215E7298007978D1 /* DateFormatter+String.swift */; };
		DC27B917216240DB007978D1 /* UIView+Sub.swift in Sources */ = {isa = PBXBuildFile; fileRef = DC27B916216240DB007978D1 /* UIView+Sub.swift */; };
		DC358F3A2146A6130068E511 /* AppDelegate.swift in Sources */ = {isa = PBXBuildFile; fileRef = DC358F392146A6130068E511 /* AppDelegate.swift */; };
		DC358F3C2146A6130068E511 /* LoginViewController.swift in Sources */ = {isa = PBXBuildFile; fileRef = DC358F3B2146A6130068E511 /* LoginViewController.swift */; };
		DC358F3F2146A6130068E511 /* Main.storyboard in Resources */ = {isa = PBXBuildFile; fileRef = DC358F3D2146A6130068E511 /* Main.storyboard */; };
		DC358F412146A6140068E511 /* Assets.xcassets in Resources */ = {isa = PBXBuildFile; fileRef = DC358F402146A6140068E511 /* Assets.xcassets */; };
		DC358F442146A6140068E511 /* LaunchScreen.storyboard in Resources */ = {isa = PBXBuildFile; fileRef = DC358F422146A6140068E511 /* LaunchScreen.storyboard */; };
		DC42C3BC2165FF8E00E1B46C /* UIViewController+CollectionView.swift in Sources */ = {isa = PBXBuildFile; fileRef = DC42C3BB2165FF8E00E1B46C /* UIViewController+CollectionView.swift */; };
		DC6B37612147A32800D6478F /* CodeInputViewController.swift in Sources */ = {isa = PBXBuildFile; fileRef = DC6B37602147A32800D6478F /* CodeInputViewController.swift */; };
		DC6B37632147A34000D6478F /* UserProfileViewController.swift in Sources */ = {isa = PBXBuildFile; fileRef = DC6B37622147A34000D6478F /* UserProfileViewController.swift */; };
		DC6B37662147C25D00D6478F /* ValidationError.swift in Sources */ = {isa = PBXBuildFile; fileRef = DC6B37652147C25D00D6478F /* ValidationError.swift */; };
		DC6B376D2147E1AC00D6478F /* UITextField+Border.swift in Sources */ = {isa = PBXBuildFile; fileRef = DC6B376C2147E1AC00D6478F /* UITextField+Border.swift */; };
		DC6B376F2147E27100D6478F /* ApiRequest.swift in Sources */ = {isa = PBXBuildFile; fileRef = DC6B376E2147E27100D6478F /* ApiRequest.swift */; };
		DC6BF4B52167532F00E84C5A /* JSONResponce.swift in Sources */ = {isa = PBXBuildFile; fileRef = DC6BF4B42167532F00E84C5A /* JSONResponce.swift */; };
		DC739AEE216792D0005C5C38 /* UIView+ShowAlert.swift in Sources */ = {isa = PBXBuildFile; fileRef = DC739AED216792D0005C5C38 /* UIView+ShowAlert.swift */; };
		DC79839D2148F209005FCA08 /* UIViewController+Alert.swift in Sources */ = {isa = PBXBuildFile; fileRef = DC79839C2148F209005FCA08 /* UIViewController+Alert.swift */; };
		DC7983A421495F69005FCA08 /* CustomColor.swift in Sources */ = {isa = PBXBuildFile; fileRef = DC7983A321495F69005FCA08 /* CustomColor.swift */; };
		DC7983A621495F7A005FCA08 /* CustomFont.swift in Sources */ = {isa = PBXBuildFile; fileRef = DC7983A521495F7A005FCA08 /* CustomFont.swift */; };
		DC7FE579214B94A9008C18F4 /* UIButton+Border.swift in Sources */ = {isa = PBXBuildFile; fileRef = DC7FE578214B94A9008C18F4 /* UIButton+Border.swift */; };
		DC81C848214A4BA200877D27 /* Validator.swift in Sources */ = {isa = PBXBuildFile; fileRef = DC81C847214A4BA200877D27 /* Validator.swift */; };
		DC81C84A214A4D3800877D27 /* ColorAssigner.swift in Sources */ = {isa = PBXBuildFile; fileRef = DC81C849214A4D3800877D27 /* ColorAssigner.swift */; };
		DC81C84C214A656B00877D27 /* UserProfile.storyboard in Resources */ = {isa = PBXBuildFile; fileRef = DC81C84B214A656B00877D27 /* UserProfile.storyboard */; };
		DC81C851214AAD7200877D27 /* UIImageView+RoundImage.swift in Sources */ = {isa = PBXBuildFile; fileRef = DC81C850214AAD7200877D27 /* UIImageView+RoundImage.swift */; };
		DC8E46382188A2CC00EB8053 /* File.swift in Sources */ = {isa = PBXBuildFile; fileRef = DC8E46372188A2CC00EB8053 /* File.swift */; };
		E813F125E1F281606B25E4A3 /* Pods_SocialApp.framework in Frameworks */ = {isa = PBXBuildFile; fileRef = A364BBB1EF8D5D0ECB81AFF6 /* Pods_SocialApp.framework */; };
/* End PBXBuildFile section */

/* Begin PBXFileReference section */
		A364BBB1EF8D5D0ECB81AFF6 /* Pods_SocialApp.framework */ = {isa = PBXFileReference; explicitFileType = wrapper.framework; includeInIndex = 0; path = Pods_SocialApp.framework; sourceTree = BUILT_PRODUCTS_DIR; };
		D3EFAA50923B79A5FD1F6C90 /* Pods-SocialApp.release.xcconfig */ = {isa = PBXFileReference; includeInIndex = 1; lastKnownFileType = text.xcconfig; name = "Pods-SocialApp.release.xcconfig"; path = "Pods/Target Support Files/Pods-SocialApp/Pods-SocialApp.release.xcconfig"; sourceTree = "<group>"; };
		DC016C0F214F9419009833AC /* UIColor+Color.swift */ = {isa = PBXFileReference; lastKnownFileType = sourcecode.swift; path = "UIColor+Color.swift"; sourceTree = "<group>"; };
		DC016C14214FAAFE009833AC /* PhotoTableViewCell.swift */ = {isa = PBXFileReference; lastKnownFileType = sourcecode.swift; path = PhotoTableViewCell.swift; sourceTree = "<group>"; };
		DC016C16214FCB93009833AC /* InfoTableViewCell.swift */ = {isa = PBXFileReference; lastKnownFileType = sourcecode.swift; name = InfoTableViewCell.swift; path = SocialApp/Views/TableViews/UserInfo/InfoTableViewCell.swift; sourceTree = SOURCE_ROOT; };
		DC016C18214FCBB7009833AC /* ActionsTableViewCell.swift */ = {isa = PBXFileReference; lastKnownFileType = sourcecode.swift; name = ActionsTableViewCell.swift; path = SocialApp/Views/TableViews/UserInfo/ActionsTableViewCell.swift; sourceTree = SOURCE_ROOT; };
		DC016C1A214FCBE0009833AC /* CollectionInfoTableViewCell.swift */ = {isa = PBXFileReference; lastKnownFileType = sourcecode.swift; path = CollectionInfoTableViewCell.swift; sourceTree = "<group>"; };
		DC016C1E214FCC1C009833AC /* NewsFeedTableViewCell.swift */ = {isa = PBXFileReference; lastKnownFileType = sourcecode.swift; path = NewsFeedTableViewCell.swift; sourceTree = "<group>"; };
		DC016C20214FDCF4009833AC /* NewsFeedTableViewCell.xib */ = {isa = PBXFileReference; lastKnownFileType = file.xib; path = NewsFeedTableViewCell.xib; sourceTree = "<group>"; };
		DC016C2821513A03009833AC /* ChangeStateButton.swift */ = {isa = PBXFileReference; lastKnownFileType = sourcecode.swift; path = ChangeStateButton.swift; sourceTree = "<group>"; };
		DC2517AD2164DFA600781321 /* CustomSectionHeader.swift */ = {isa = PBXFileReference; lastKnownFileType = sourcecode.swift; path = CustomSectionHeader.swift; sourceTree = "<group>"; };
		DC2517AF2164E1AE00781321 /* CustomSectionHeader.xib */ = {isa = PBXFileReference; lastKnownFileType = file.xib; path = CustomSectionHeader.xib; sourceTree = "<group>"; };
		DC27B8D821529E55007978D1 /* UserProfileCounterCollectionViewCell.swift */ = {isa = PBXFileReference; lastKnownFileType = sourcecode.swift; path = UserProfileCounterCollectionViewCell.swift; sourceTree = "<group>"; };
		DC27B8E72153D7CF007978D1 /* ProfileEntity.swift */ = {isa = PBXFileReference; lastKnownFileType = sourcecode.swift; path = ProfileEntity.swift; sourceTree = "<group>"; };
		DC27B8F22153EBEE007978D1 /* UIImageView+LoadImage.swift */ = {isa = PBXFileReference; lastKnownFileType = sourcecode.swift; path = "UIImageView+LoadImage.swift"; sourceTree = "<group>"; };
		DC27B8FC215A180D007978D1 /* Warnings.swift */ = {isa = PBXFileReference; lastKnownFileType = sourcecode.swift; path = Warnings.swift; sourceTree = "<group>"; };
		DC27B900215A8307007978D1 /* UserDefaultsKeys.swift */ = {isa = PBXFileReference; lastKnownFileType = sourcecode.swift; path = UserDefaultsKeys.swift; sourceTree = "<group>"; };
		DC27B902215B8604007978D1 /* UserDefaults+EnumKeys.swift */ = {isa = PBXFileReference; lastKnownFileType = sourcecode.swift; path = "UserDefaults+EnumKeys.swift"; sourceTree = "<group>"; };
		DC27B904215BB1F1007978D1 /* PostEntity.swift */ = {isa = PBXFileReference; lastKnownFileType = sourcecode.swift; path = PostEntity.swift; sourceTree = "<group>"; };
		DC27B90A215CF40C007978D1 /* DateFormatter+Date.swift */ = {isa = PBXFileReference; lastKnownFileType = sourcecode.swift; path = "DateFormatter+Date.swift"; sourceTree = "<group>"; };
		DC27B90E215E494B007978D1 /* OrderBy.swift */ = {isa = PBXFileReference; lastKnownFileType = sourcecode.swift; path = OrderBy.swift; sourceTree = "<group>"; };
		DC27B912215E7298007978D1 /* DateFormatter+String.swift */ = {isa = PBXFileReference; lastKnownFileType = sourcecode.swift; path = "DateFormatter+String.swift"; sourceTree = "<group>"; };
		DC27B916216240DB007978D1 /* UIView+Sub.swift */ = {isa = PBXFileReference; lastKnownFileType = sourcecode.swift; path = "UIView+Sub.swift"; sourceTree = "<group>"; };
		DC358F362146A6130068E511 /* SocialApp.app */ = {isa = PBXFileReference; explicitFileType = wrapper.application; includeInIndex = 0; path = SocialApp.app; sourceTree = BUILT_PRODUCTS_DIR; };
		DC358F392146A6130068E511 /* AppDelegate.swift */ = {isa = PBXFileReference; lastKnownFileType = sourcecode.swift; path = AppDelegate.swift; sourceTree = "<group>"; };
		DC358F3B2146A6130068E511 /* LoginViewController.swift */ = {isa = PBXFileReference; lastKnownFileType = sourcecode.swift; path = LoginViewController.swift; sourceTree = "<group>"; };
		DC358F3E2146A6130068E511 /* Base */ = {isa = PBXFileReference; lastKnownFileType = file.storyboard; name = Base; path = Base.lproj/Main.storyboard; sourceTree = "<group>"; };
		DC358F402146A6140068E511 /* Assets.xcassets */ = {isa = PBXFileReference; lastKnownFileType = folder.assetcatalog; path = Assets.xcassets; sourceTree = "<group>"; };
		DC358F432146A6140068E511 /* Base */ = {isa = PBXFileReference; lastKnownFileType = file.storyboard; name = Base; path = Base.lproj/LaunchScreen.storyboard; sourceTree = "<group>"; };
		DC358F452146A6140068E511 /* Info.plist */ = {isa = PBXFileReference; lastKnownFileType = text.plist.xml; path = Info.plist; sourceTree = "<group>"; };
		DC42C3BB2165FF8E00E1B46C /* UIViewController+CollectionView.swift */ = {isa = PBXFileReference; lastKnownFileType = sourcecode.swift; path = "UIViewController+CollectionView.swift"; sourceTree = "<group>"; };
		DC6B37602147A32800D6478F /* CodeInputViewController.swift */ = {isa = PBXFileReference; lastKnownFileType = sourcecode.swift; path = CodeInputViewController.swift; sourceTree = "<group>"; };
		DC6B37622147A34000D6478F /* UserProfileViewController.swift */ = {isa = PBXFileReference; lastKnownFileType = sourcecode.swift; path = UserProfileViewController.swift; sourceTree = "<group>"; };
		DC6B37652147C25D00D6478F /* ValidationError.swift */ = {isa = PBXFileReference; lastKnownFileType = sourcecode.swift; path = ValidationError.swift; sourceTree = "<group>"; };
		DC6B376C2147E1AC00D6478F /* UITextField+Border.swift */ = {isa = PBXFileReference; lastKnownFileType = sourcecode.swift; path = "UITextField+Border.swift"; sourceTree = "<group>"; };
		DC6B376E2147E27100D6478F /* ApiRequest.swift */ = {isa = PBXFileReference; lastKnownFileType = sourcecode.swift; path = ApiRequest.swift; sourceTree = "<group>"; };
		DC6BF4B42167532F00E84C5A /* JSONResponce.swift */ = {isa = PBXFileReference; lastKnownFileType = sourcecode.swift; path = JSONResponce.swift; sourceTree = "<group>"; };
		DC739AED216792D0005C5C38 /* UIView+ShowAlert.swift */ = {isa = PBXFileReference; lastKnownFileType = sourcecode.swift; path = "UIView+ShowAlert.swift"; sourceTree = "<group>"; };
		DC79839C2148F209005FCA08 /* UIViewController+Alert.swift */ = {isa = PBXFileReference; lastKnownFileType = sourcecode.swift; path = "UIViewController+Alert.swift"; sourceTree = "<group>"; };
		DC7983A321495F69005FCA08 /* CustomColor.swift */ = {isa = PBXFileReference; lastKnownFileType = sourcecode.swift; path = CustomColor.swift; sourceTree = "<group>"; };
		DC7983A521495F7A005FCA08 /* CustomFont.swift */ = {isa = PBXFileReference; lastKnownFileType = sourcecode.swift; path = CustomFont.swift; sourceTree = "<group>"; };
		DC7FE578214B94A9008C18F4 /* UIButton+Border.swift */ = {isa = PBXFileReference; lastKnownFileType = sourcecode.swift; path = "UIButton+Border.swift"; sourceTree = "<group>"; };
		DC81C847214A4BA200877D27 /* Validator.swift */ = {isa = PBXFileReference; lastKnownFileType = sourcecode.swift; path = Validator.swift; sourceTree = "<group>"; };
		DC81C849214A4D3800877D27 /* ColorAssigner.swift */ = {isa = PBXFileReference; lastKnownFileType = sourcecode.swift; path = ColorAssigner.swift; sourceTree = "<group>"; };
		DC81C84B214A656B00877D27 /* UserProfile.storyboard */ = {isa = PBXFileReference; lastKnownFileType = file.storyboard; path = UserProfile.storyboard; sourceTree = "<group>"; };
		DC81C850214AAD7200877D27 /* UIImageView+RoundImage.swift */ = {isa = PBXFileReference; lastKnownFileType = sourcecode.swift; path = "UIImageView+RoundImage.swift"; sourceTree = "<group>"; };
		DC8E46372188A2CC00EB8053 /* File.swift */ = {isa = PBXFileReference; lastKnownFileType = sourcecode.swift; name = File.swift; path = SocialApp/ViewControllers/File.swift; sourceTree = SOURCE_ROOT; };
		F180877A42B29999181E5F3A /* Pods-SocialApp.debug.xcconfig */ = {isa = PBXFileReference; includeInIndex = 1; lastKnownFileType = text.xcconfig; name = "Pods-SocialApp.debug.xcconfig"; path = "Pods/Target Support Files/Pods-SocialApp/Pods-SocialApp.debug.xcconfig"; sourceTree = "<group>"; };
/* End PBXFileReference section */

/* Begin PBXFrameworksBuildPhase section */
		DC358F332146A6130068E511 /* Frameworks */ = {
			isa = PBXFrameworksBuildPhase;
			buildActionMask = 2147483647;
			files = (
				E813F125E1F281606B25E4A3 /* Pods_SocialApp.framework in Frameworks */,
			);
			runOnlyForDeploymentPostprocessing = 0;
		};
/* End PBXFrameworksBuildPhase section */

/* Begin PBXGroup section */
		96CF0A6D9F1200A28636D74B /* Frameworks */ = {
			isa = PBXGroup;
			children = (
				A364BBB1EF8D5D0ECB81AFF6 /* Pods_SocialApp.framework */,
			);
			name = Frameworks;
			sourceTree = "<group>";
		};
		C828E9C7BE471B2D97FF0537 /* Pods */ = {
			isa = PBXGroup;
			children = (
				F180877A42B29999181E5F3A /* Pods-SocialApp.debug.xcconfig */,
				D3EFAA50923B79A5FD1F6C90 /* Pods-SocialApp.release.xcconfig */,
			);
			name = Pods;
			sourceTree = "<group>";
		};
		DC016C13214FA9E3009833AC /* Views */ = {
			isa = PBXGroup;
			children = (
				DC2517AC2164DF6500781321 /* CustomSectionHeader */,
				DC27B8E12153A385007978D1 /* TableViews */,
				DC27B8E02153A369007978D1 /* CollectionViews */,
			);
			path = Views;
			sourceTree = "<group>";
		};
		DC016C27215138F2009833AC /* Subclasses */ = {
			isa = PBXGroup;
			children = (
				DC016C2821513A03009833AC /* ChangeStateButton.swift */,
			);
			path = Subclasses;
			sourceTree = "<group>";
		};
		DC2517AC2164DF6500781321 /* CustomSectionHeader */ = {
			isa = PBXGroup;
			children = (
				DC2517AD2164DFA600781321 /* CustomSectionHeader.swift */,
			);
			path = CustomSectionHeader;
			sourceTree = "<group>";
		};
		DC27B8DC2153A079007978D1 /* Models */ = {
			isa = PBXGroup;
			children = (
				DC27B8E72153D7CF007978D1 /* ProfileEntity.swift */,
				DC27B904215BB1F1007978D1 /* PostEntity.swift */,
			);
			path = Models;
			sourceTree = "<group>";
		};
		DC27B8E02153A369007978D1 /* CollectionViews */ = {
			isa = PBXGroup;
			children = (
				DC27B8D821529E55007978D1 /* UserProfileCounterCollectionViewCell.swift */,
			);
			path = CollectionViews;
			sourceTree = "<group>";
		};
		DC27B8E12153A385007978D1 /* TableViews */ = {
			isa = PBXGroup;
			children = (
				DC27B8EB2153EA50007978D1 /* Photo */,
				DC27B8EC2153EA6A007978D1 /* UserInfo */,
				DC27B8EE2153EADE007978D1 /* CounterCollection */,
				DC27B8F02153EB29007978D1 /* NewsFeed */,
			);
			path = TableViews;
			sourceTree = "<group>";
		};
		DC27B8E22153A3BB007978D1 /* Xibs */ = {
			isa = PBXGroup;
			children = (
				DC2517AF2164E1AE00781321 /* CustomSectionHeader.xib */,
				DC016C20214FDCF4009833AC /* NewsFeedTableViewCell.xib */,
			);
			path = Xibs;
			sourceTree = "<group>";
		};
		DC27B8EB2153EA50007978D1 /* Photo */ = {
			isa = PBXGroup;
			children = (
				DC016C14214FAAFE009833AC /* PhotoTableViewCell.swift */,
			);
			path = Photo;
			sourceTree = "<group>";
		};
		DC27B8EC2153EA6A007978D1 /* UserInfo */ = {
			isa = PBXGroup;
			children = (
				DC016C16214FCB93009833AC /* InfoTableViewCell.swift */,
				DC016C18214FCBB7009833AC /* ActionsTableViewCell.swift */,
			);
			path = UserInfo;
			sourceTree = "<group>";
		};
		DC27B8ED2153EAA7007978D1 /* Launch */ = {
			isa = PBXGroup;
			children = (
				DC358F422146A6140068E511 /* LaunchScreen.storyboard */,
			);
			path = Launch;
			sourceTree = "<group>";
		};
		DC27B8EE2153EADE007978D1 /* CounterCollection */ = {
			isa = PBXGroup;
			children = (
				DC016C1A214FCBE0009833AC /* CollectionInfoTableViewCell.swift */,
			);
			path = CounterCollection;
			sourceTree = "<group>";
		};
		DC27B8F02153EB29007978D1 /* NewsFeed */ = {
			isa = PBXGroup;
			children = (
				DC016C1E214FCC1C009833AC /* NewsFeedTableViewCell.swift */,
			);
			path = NewsFeed;
			sourceTree = "<group>";
		};
		DC27B8F12153EBA3007978D1 /* UIImageView */ = {
			isa = PBXGroup;
			children = (
				DC81C850214AAD7200877D27 /* UIImageView+RoundImage.swift */,
				DC27B8F22153EBEE007978D1 /* UIImageView+LoadImage.swift */,
				DC8E46372188A2CC00EB8053 /* File.swift */,
			);
			path = UIImageView;
			sourceTree = "<group>";
		};
		DC358F2D2146A6130068E511 = {
			isa = PBXGroup;
			children = (
				DC358F382146A6130068E511 /* SocialApp */,
				DC358F372146A6130068E511 /* Products */,
				C828E9C7BE471B2D97FF0537 /* Pods */,
				96CF0A6D9F1200A28636D74B /* Frameworks */,
			);
			sourceTree = "<group>";
		};
		DC358F372146A6130068E511 /* Products */ = {
			isa = PBXGroup;
			children = (
				DC358F362146A6130068E511 /* SocialApp.app */,
			);
			name = Products;
			sourceTree = "<group>";
		};
		DC358F382146A6130068E511 /* SocialApp */ = {
			isa = PBXGroup;
			children = (
				DC27B8DC2153A079007978D1 /* Models */,
				DC016C27215138F2009833AC /* Subclasses */,
				DC016C13214FA9E3009833AC /* Views */,
				DC7983A221495F46005FCA08 /* Network */,
				DC358F4E2146AC410068E511 /* Enums */,
				DC358F4D2146AC3B0068E511 /* Utilities */,
				DC358F4F2146AC4A0068E511 /* Extensions */,
				DC358F4C2146AC300068E511 /* ViewControllers */,
				DC7983A0214941C0005FCA08 /* Storyboards */,
				DC7983A121495F21005FCA08 /* Resources */,
				DC358F4B2146ABCA0068E511 /* Supporting files */,
			);
			path = SocialApp;
			sourceTree = "<group>";
		};
		DC358F4B2146ABCA0068E511 /* Supporting files */ = {
			isa = PBXGroup;
			children = (
				DC358F392146A6130068E511 /* AppDelegate.swift */,
			);
			path = "Supporting files";
			sourceTree = "<group>";
		};
		DC358F4C2146AC300068E511 /* ViewControllers */ = {
			isa = PBXGroup;
			children = (
				DC358F3B2146A6130068E511 /* LoginViewController.swift */,
				DC6B37602147A32800D6478F /* CodeInputViewController.swift */,
				DC6B37622147A34000D6478F /* UserProfileViewController.swift */,
			);
			path = ViewControllers;
			sourceTree = "<group>";
		};
		DC358F4D2146AC3B0068E511 /* Utilities */ = {
			isa = PBXGroup;
			children = (
				DC81C847214A4BA200877D27 /* Validator.swift */,
				DC81C849214A4D3800877D27 /* ColorAssigner.swift */,
			);
			path = Utilities;
			sourceTree = "<group>";
		};
		DC358F4E2146AC410068E511 /* Enums */ = {
			isa = PBXGroup;
			children = (
				DC6B37652147C25D00D6478F /* ValidationError.swift */,
				DC7983A321495F69005FCA08 /* CustomColor.swift */,
				DC7983A521495F7A005FCA08 /* CustomFont.swift */,
				DC27B8FC215A180D007978D1 /* Warnings.swift */,
				DC27B900215A8307007978D1 /* UserDefaultsKeys.swift */,
				DC27B90E215E494B007978D1 /* OrderBy.swift */,
			);
			path = Enums;
			sourceTree = "<group>";
		};
		DC358F4F2146AC4A0068E511 /* Extensions */ = {
			isa = PBXGroup;
			children = (
				DC27B8F12153EBA3007978D1 /* UIImageView */,
				DC6B376C2147E1AC00D6478F /* UITextField+Border.swift */,
				DC79839C2148F209005FCA08 /* UIViewController+Alert.swift */,
				DC7FE578214B94A9008C18F4 /* UIButton+Border.swift */,
				DC016C0F214F9419009833AC /* UIColor+Color.swift */,
				DC27B902215B8604007978D1 /* UserDefaults+EnumKeys.swift */,
				DC27B90A215CF40C007978D1 /* DateFormatter+Date.swift */,
				DC27B912215E7298007978D1 /* DateFormatter+String.swift */,
				DC27B916216240DB007978D1 /* UIView+Sub.swift */,
				DC42C3BB2165FF8E00E1B46C /* UIViewController+CollectionView.swift */,
				DC739AED216792D0005C5C38 /* UIView+ShowAlert.swift */,
			);
			path = Extensions;
			sourceTree = "<group>";
		};
		DC7983A0214941C0005FCA08 /* Storyboards */ = {
			isa = PBXGroup;
			children = (
				DC27B8ED2153EAA7007978D1 /* Launch */,
				DC358F3D2146A6130068E511 /* Main.storyboard */,
				DC81C84B214A656B00877D27 /* UserProfile.storyboard */,
				DC27B8E22153A3BB007978D1 /* Xibs */,
			);
			path = Storyboards;
			sourceTree = "<group>";
		};
		DC7983A121495F21005FCA08 /* Resources */ = {
			isa = PBXGroup;
			children = (
				DC358F402146A6140068E511 /* Assets.xcassets */,
				DC358F452146A6140068E511 /* Info.plist */,
			);
			path = Resources;
			sourceTree = "<group>";
		};
		DC7983A221495F46005FCA08 /* Network */ = {
			isa = PBXGroup;
			children = (
				DC6B376E2147E27100D6478F /* ApiRequest.swift */,
				DC6BF4B42167532F00E84C5A /* JSONResponce.swift */,
			);
			path = Network;
			sourceTree = "<group>";
		};
/* End PBXGroup section */

/* Begin PBXNativeTarget section */
		DC358F352146A6130068E511 /* SocialApp */ = {
			isa = PBXNativeTarget;
			buildConfigurationList = DC358F482146A6140068E511 /* Build configuration list for PBXNativeTarget "SocialApp" */;
			buildPhases = (
				918AE5A8A653349A3E90FF13 /* [CP] Check Pods Manifest.lock */,
				DC358F322146A6130068E511 /* Sources */,
				DC358F332146A6130068E511 /* Frameworks */,
				DC358F342146A6130068E511 /* Resources */,
				281DD488793FAB4407CB3E48 /* [CP] Embed Pods Frameworks */,
			);
			buildRules = (
			);
			dependencies = (
			);
			name = SocialApp;
			productName = SocialApp;
			productReference = DC358F362146A6130068E511 /* SocialApp.app */;
			productType = "com.apple.product-type.application";
		};
/* End PBXNativeTarget section */

/* Begin PBXProject section */
		DC358F2E2146A6130068E511 /* Project object */ = {
			isa = PBXProject;
			attributes = {
				LastSwiftUpdateCheck = 0940;
				LastUpgradeCheck = 0940;
				ORGANIZATIONNAME = "Alina Zaitseva";
				TargetAttributes = {
					DC358F352146A6130068E511 = {
						CreatedOnToolsVersion = 9.4.1;
						LastSwiftMigration = 1000;
					};
				};
			};
			buildConfigurationList = DC358F312146A6130068E511 /* Build configuration list for PBXProject "SocialApp" */;
			compatibilityVersion = "Xcode 9.3";
			developmentRegion = en;
			hasScannedForEncodings = 0;
			knownRegions = (
				en,
				Base,
			);
			mainGroup = DC358F2D2146A6130068E511;
			productRefGroup = DC358F372146A6130068E511 /* Products */;
			projectDirPath = "";
			projectRoot = "";
			targets = (
				DC358F352146A6130068E511 /* SocialApp */,
			);
		};
/* End PBXProject section */

/* Begin PBXResourcesBuildPhase section */
		DC358F342146A6130068E511 /* Resources */ = {
			isa = PBXResourcesBuildPhase;
			buildActionMask = 2147483647;
			files = (
				DC2517B02164E1AE00781321 /* CustomSectionHeader.xib in Resources */,
				DC81C84C214A656B00877D27 /* UserProfile.storyboard in Resources */,
				DC016C21214FDCF4009833AC /* NewsFeedTableViewCell.xib in Resources */,
				DC358F442146A6140068E511 /* LaunchScreen.storyboard in Resources */,
				DC358F412146A6140068E511 /* Assets.xcassets in Resources */,
				DC358F3F2146A6130068E511 /* Main.storyboard in Resources */,
			);
			runOnlyForDeploymentPostprocessing = 0;
		};
/* End PBXResourcesBuildPhase section */

/* Begin PBXShellScriptBuildPhase section */
		281DD488793FAB4407CB3E48 /* [CP] Embed Pods Frameworks */ = {
			isa = PBXShellScriptBuildPhase;
			buildActionMask = 2147483647;
			files = (
			);
			inputPaths = (
				"${SRCROOT}/Pods/Target Support Files/Pods-SocialApp/Pods-SocialApp-frameworks.sh",
				"${BUILT_PRODUCTS_DIR}/PhoneNumberKit/PhoneNumberKit.framework",
			);
			name = "[CP] Embed Pods Frameworks";
			outputPaths = (
				"${TARGET_BUILD_DIR}/${FRAMEWORKS_FOLDER_PATH}/PhoneNumberKit.framework",
			);
			runOnlyForDeploymentPostprocessing = 0;
			shellPath = /bin/sh;
			shellScript = "\"${SRCROOT}/Pods/Target Support Files/Pods-SocialApp/Pods-SocialApp-frameworks.sh\"\n";
			showEnvVarsInLog = 0;
		};
		918AE5A8A653349A3E90FF13 /* [CP] Check Pods Manifest.lock */ = {
			isa = PBXShellScriptBuildPhase;
			buildActionMask = 2147483647;
			files = (
			);
			inputPaths = (
				"${PODS_PODFILE_DIR_PATH}/Podfile.lock",
				"${PODS_ROOT}/Manifest.lock",
			);
			name = "[CP] Check Pods Manifest.lock";
			outputPaths = (
				"$(DERIVED_FILE_DIR)/Pods-SocialApp-checkManifestLockResult.txt",
			);
			runOnlyForDeploymentPostprocessing = 0;
			shellPath = /bin/sh;
			shellScript = "diff \"${PODS_PODFILE_DIR_PATH}/Podfile.lock\" \"${PODS_ROOT}/Manifest.lock\" > /dev/null\nif [ $? != 0 ] ; then\n    # print error to STDERR\n    echo \"error: The sandbox is not in sync with the Podfile.lock. Run 'pod install' or update your CocoaPods installation.\" >&2\n    exit 1\nfi\n# This output is used by Xcode 'outputs' to avoid re-running this script phase.\necho \"SUCCESS\" > \"${SCRIPT_OUTPUT_FILE_0}\"\n";
			showEnvVarsInLog = 0;
		};
/* End PBXShellScriptBuildPhase section */

/* Begin PBXSourcesBuildPhase section */
		DC358F322146A6130068E511 /* Sources */ = {
			isa = PBXSourcesBuildPhase;
			buildActionMask = 2147483647;
			files = (
				DC358F3C2146A6130068E511 /* LoginViewController.swift in Sources */,
				DC27B917216240DB007978D1 /* UIView+Sub.swift in Sources */,
				DC27B90B215CF40C007978D1 /* DateFormatter+Date.swift in Sources */,
				DC42C3BC2165FF8E00E1B46C /* UIViewController+CollectionView.swift in Sources */,
				DC6B37662147C25D00D6478F /* ValidationError.swift in Sources */,
				DC27B8E82153D7CF007978D1 /* ProfileEntity.swift in Sources */,
				DC016C17214FCB93009833AC /* InfoTableViewCell.swift in Sources */,
				DC27B901215A8307007978D1 /* UserDefaultsKeys.swift in Sources */,
				DC016C1F214FCC1C009833AC /* NewsFeedTableViewCell.swift in Sources */,
				DC7983A421495F69005FCA08 /* CustomColor.swift in Sources */,
				DC6B37632147A34000D6478F /* UserProfileViewController.swift in Sources */,
				DC8E46382188A2CC00EB8053 /* File.swift in Sources */,
				DC016C15214FAAFE009833AC /* PhotoTableViewCell.swift in Sources */,
				DC358F3A2146A6130068E511 /* AppDelegate.swift in Sources */,
				DC81C851214AAD7200877D27 /* UIImageView+RoundImage.swift in Sources */,
				DC81C84A214A4D3800877D27 /* ColorAssigner.swift in Sources */,
				DC81C848214A4BA200877D27 /* Validator.swift in Sources */,
				DC016C19214FCBB7009833AC /* ActionsTableViewCell.swift in Sources */,
				DC7983A621495F7A005FCA08 /* CustomFont.swift in Sources */,
				DC016C1B214FCBE0009833AC /* CollectionInfoTableViewCell.swift in Sources */,
				DC27B8DA21529E55007978D1 /* UserProfileCounterCollectionViewCell.swift in Sources */,
				DC27B905215BB1F1007978D1 /* PostEntity.swift in Sources */,
				DC27B903215B8604007978D1 /* UserDefaults+EnumKeys.swift in Sources */,
				DC27B8FD215A180D007978D1 /* Warnings.swift in Sources */,
				DC016C10214F9419009833AC /* UIColor+Color.swift in Sources */,
				DC2517AE2164DFA600781321 /* CustomSectionHeader.swift in Sources */,
				DC79839D2148F209005FCA08 /* UIViewController+Alert.swift in Sources */,
				DC6B376D2147E1AC00D6478F /* UITextField+Border.swift in Sources */,
				DC016C2921513A03009833AC /* ChangeStateButton.swift in Sources */,
				DC6BF4B52167532F00E84C5A /* JSONResponce.swift in Sources */,
				DC27B8F32153EBEE007978D1 /* UIImageView+LoadImage.swift in Sources */,
				DC6B376F2147E27100D6478F /* ApiRequest.swift in Sources */,
				DC6B37612147A32800D6478F /* CodeInputViewController.swift in Sources */,
				DC7FE579214B94A9008C18F4 /* UIButton+Border.swift in Sources */,
				DC27B90F215E494B007978D1 /* OrderBy.swift in Sources */,
				DC739AEE216792D0005C5C38 /* UIView+ShowAlert.swift in Sources */,
				DC27B913215E7298007978D1 /* DateFormatter+String.swift in Sources */,
			);
			runOnlyForDeploymentPostprocessing = 0;
		};
/* End PBXSourcesBuildPhase section */

/* Begin PBXVariantGroup section */
		DC358F3D2146A6130068E511 /* Main.storyboard */ = {
			isa = PBXVariantGroup;
			children = (
				DC358F3E2146A6130068E511 /* Base */,
			);
			name = Main.storyboard;
			sourceTree = "<group>";
		};
		DC358F422146A6140068E511 /* LaunchScreen.storyboard */ = {
			isa = PBXVariantGroup;
			children = (
				DC358F432146A6140068E511 /* Base */,
			);
			name = LaunchScreen.storyboard;
			sourceTree = "<group>";
		};
/* End PBXVariantGroup section */

/* Begin XCBuildConfiguration section */
		DC358F462146A6140068E511 /* Debug */ = {
			isa = XCBuildConfiguration;
			buildSettings = {
				ALWAYS_SEARCH_USER_PATHS = NO;
				CLANG_ANALYZER_NONNULL = YES;
				CLANG_ANALYZER_NUMBER_OBJECT_CONVERSION = YES_AGGRESSIVE;
				CLANG_CXX_LANGUAGE_STANDARD = "gnu++14";
				CLANG_CXX_LIBRARY = "libc++";
				CLANG_ENABLE_MODULES = YES;
				CLANG_ENABLE_OBJC_ARC = YES;
				CLANG_ENABLE_OBJC_WEAK = YES;
				CLANG_WARN_BLOCK_CAPTURE_AUTORELEASING = YES;
				CLANG_WARN_BOOL_CONVERSION = YES;
				CLANG_WARN_COMMA = YES;
				CLANG_WARN_CONSTANT_CONVERSION = YES;
				CLANG_WARN_DEPRECATED_OBJC_IMPLEMENTATIONS = YES;
				CLANG_WARN_DIRECT_OBJC_ISA_USAGE = YES_ERROR;
				CLANG_WARN_DOCUMENTATION_COMMENTS = YES;
				CLANG_WARN_EMPTY_BODY = YES;
				CLANG_WARN_ENUM_CONVERSION = YES;
				CLANG_WARN_INFINITE_RECURSION = YES;
				CLANG_WARN_INT_CONVERSION = YES;
				CLANG_WARN_NON_LITERAL_NULL_CONVERSION = YES;
				CLANG_WARN_OBJC_IMPLICIT_RETAIN_SELF = YES;
				CLANG_WARN_OBJC_LITERAL_CONVERSION = YES;
				CLANG_WARN_OBJC_ROOT_CLASS = YES_ERROR;
				CLANG_WARN_RANGE_LOOP_ANALYSIS = YES;
				CLANG_WARN_STRICT_PROTOTYPES = YES;
				CLANG_WARN_SUSPICIOUS_MOVE = YES;
				CLANG_WARN_UNGUARDED_AVAILABILITY = YES_AGGRESSIVE;
				CLANG_WARN_UNREACHABLE_CODE = YES;
				CLANG_WARN__DUPLICATE_METHOD_MATCH = YES;
				CODE_SIGN_IDENTITY = "iPhone Developer";
				COPY_PHASE_STRIP = NO;
				DEBUG_INFORMATION_FORMAT = dwarf;
				ENABLE_STRICT_OBJC_MSGSEND = YES;
				ENABLE_TESTABILITY = YES;
				GCC_C_LANGUAGE_STANDARD = gnu11;
				GCC_DYNAMIC_NO_PIC = NO;
				GCC_NO_COMMON_BLOCKS = YES;
				GCC_OPTIMIZATION_LEVEL = 0;
				GCC_PREPROCESSOR_DEFINITIONS = (
					"DEBUG=1",
					"$(inherited)",
				);
				GCC_WARN_64_TO_32_BIT_CONVERSION = YES;
				GCC_WARN_ABOUT_RETURN_TYPE = YES_ERROR;
				GCC_WARN_UNDECLARED_SELECTOR = YES;
				GCC_WARN_UNINITIALIZED_AUTOS = YES_AGGRESSIVE;
				GCC_WARN_UNUSED_FUNCTION = YES;
				GCC_WARN_UNUSED_VARIABLE = YES;
				IPHONEOS_DEPLOYMENT_TARGET = 11.3;
				MTL_ENABLE_DEBUG_INFO = YES;
				ONLY_ACTIVE_ARCH = YES;
				SDKROOT = iphoneos;
				SWIFT_ACTIVE_COMPILATION_CONDITIONS = DEBUG;
				SWIFT_OPTIMIZATION_LEVEL = "-Onone";
			};
			name = Debug;
		};
		DC358F472146A6140068E511 /* Release */ = {
			isa = XCBuildConfiguration;
			buildSettings = {
				ALWAYS_SEARCH_USER_PATHS = NO;
				CLANG_ANALYZER_NONNULL = YES;
				CLANG_ANALYZER_NUMBER_OBJECT_CONVERSION = YES_AGGRESSIVE;
				CLANG_CXX_LANGUAGE_STANDARD = "gnu++14";
				CLANG_CXX_LIBRARY = "libc++";
				CLANG_ENABLE_MODULES = YES;
				CLANG_ENABLE_OBJC_ARC = YES;
				CLANG_ENABLE_OBJC_WEAK = YES;
				CLANG_WARN_BLOCK_CAPTURE_AUTORELEASING = YES;
				CLANG_WARN_BOOL_CONVERSION = YES;
				CLANG_WARN_COMMA = YES;
				CLANG_WARN_CONSTANT_CONVERSION = YES;
				CLANG_WARN_DEPRECATED_OBJC_IMPLEMENTATIONS = YES;
				CLANG_WARN_DIRECT_OBJC_ISA_USAGE = YES_ERROR;
				CLANG_WARN_DOCUMENTATION_COMMENTS = YES;
				CLANG_WARN_EMPTY_BODY = YES;
				CLANG_WARN_ENUM_CONVERSION = YES;
				CLANG_WARN_INFINITE_RECURSION = YES;
				CLANG_WARN_INT_CONVERSION = YES;
				CLANG_WARN_NON_LITERAL_NULL_CONVERSION = YES;
				CLANG_WARN_OBJC_IMPLICIT_RETAIN_SELF = YES;
				CLANG_WARN_OBJC_LITERAL_CONVERSION = YES;
				CLANG_WARN_OBJC_ROOT_CLASS = YES_ERROR;
				CLANG_WARN_RANGE_LOOP_ANALYSIS = YES;
				CLANG_WARN_STRICT_PROTOTYPES = YES;
				CLANG_WARN_SUSPICIOUS_MOVE = YES;
				CLANG_WARN_UNGUARDED_AVAILABILITY = YES_AGGRESSIVE;
				CLANG_WARN_UNREACHABLE_CODE = YES;
				CLANG_WARN__DUPLICATE_METHOD_MATCH = YES;
				CODE_SIGN_IDENTITY = "iPhone Developer";
				COPY_PHASE_STRIP = NO;
				DEBUG_INFORMATION_FORMAT = "dwarf-with-dsym";
				ENABLE_NS_ASSERTIONS = NO;
				ENABLE_STRICT_OBJC_MSGSEND = YES;
				GCC_C_LANGUAGE_STANDARD = gnu11;
				GCC_NO_COMMON_BLOCKS = YES;
				GCC_WARN_64_TO_32_BIT_CONVERSION = YES;
				GCC_WARN_ABOUT_RETURN_TYPE = YES_ERROR;
				GCC_WARN_UNDECLARED_SELECTOR = YES;
				GCC_WARN_UNINITIALIZED_AUTOS = YES_AGGRESSIVE;
				GCC_WARN_UNUSED_FUNCTION = YES;
				GCC_WARN_UNUSED_VARIABLE = YES;
				IPHONEOS_DEPLOYMENT_TARGET = 11.3;
				MTL_ENABLE_DEBUG_INFO = NO;
				SDKROOT = iphoneos;
				SWIFT_COMPILATION_MODE = wholemodule;
				SWIFT_OPTIMIZATION_LEVEL = "-O";
				VALIDATE_PRODUCT = YES;
			};
			name = Release;
		};
		DC358F492146A6140068E511 /* Debug */ = {
			isa = XCBuildConfiguration;
			baseConfigurationReference = F180877A42B29999181E5F3A /* Pods-SocialApp.debug.xcconfig */;
			buildSettings = {
				ASSETCATALOG_COMPILER_APPICON_NAME = AppIcon;
				CODE_SIGN_STYLE = Automatic;
				DEVELOPMENT_TEAM = 7N4XWEA584;
				INFOPLIST_FILE = SocialApp/Resources/Info.plist;
				LD_RUNPATH_SEARCH_PATHS = (
					"$(inherited)",
					"@executable_path/Frameworks",
				);
				PRODUCT_BUNDLE_IDENTIFIER = steelkiwi.testt.SocialApp;
				PRODUCT_NAME = "$(TARGET_NAME)";
				SWIFT_VERSION = 4.2;
				TARGETED_DEVICE_FAMILY = "1,2";
			};
			name = Debug;
		};
		DC358F4A2146A6140068E511 /* Release */ = {
			isa = XCBuildConfiguration;
			baseConfigurationReference = D3EFAA50923B79A5FD1F6C90 /* Pods-SocialApp.release.xcconfig */;
			buildSettings = {
				ASSETCATALOG_COMPILER_APPICON_NAME = AppIcon;
				CODE_SIGN_STYLE = Automatic;
				DEVELOPMENT_TEAM = 7N4XWEA584;
				INFOPLIST_FILE = SocialApp/Resources/Info.plist;
				LD_RUNPATH_SEARCH_PATHS = (
					"$(inherited)",
					"@executable_path/Frameworks",
				);
				PRODUCT_BUNDLE_IDENTIFIER = steelkiwi.testt.SocialApp;
				PRODUCT_NAME = "$(TARGET_NAME)";
				SWIFT_VERSION = 4.2;
				TARGETED_DEVICE_FAMILY = "1,2";
			};
			name = Release;
		};
/* End XCBuildConfiguration section */

/* Begin XCConfigurationList section */
		DC358F312146A6130068E511 /* Build configuration list for PBXProject "SocialApp" */ = {
			isa = XCConfigurationList;
			buildConfigurations = (
				DC358F462146A6140068E511 /* Debug */,
				DC358F472146A6140068E511 /* Release */,
			);
			defaultConfigurationIsVisible = 0;
			defaultConfigurationName = Release;
		};
		DC358F482146A6140068E511 /* Build configuration list for PBXNativeTarget "SocialApp" */ = {
			isa = XCConfigurationList;
			buildConfigurations = (
				DC358F492146A6140068E511 /* Debug */,
				DC358F4A2146A6140068E511 /* Release */,
			);
			defaultConfigurationIsVisible = 0;
			defaultConfigurationName = Release;
		};
/* End XCConfigurationList section */
	};
	rootObject = DC358F2E2146A6130068E511 /* Project object */;
}
