PODS:
  - PhoneNumberKit (2.1.0):
    - PhoneNumberKit/PhoneNumberKitCore (= 2.1.0)
    - PhoneNumberKit/UIKit (= 2.1.0)
  - PhoneNumberKit/PhoneNumberKitCore (2.1.0)
  - PhoneNumberKit/UIKit (2.1.0):
    - PhoneNumberKit/PhoneNumberKitCore

DEPENDENCIES:
  - PhoneNumberKit

SPEC REPOS:
  https://github.com/cocoapods/specs.git:
    - PhoneNumberKit

SPEC CHECKSUMS:
  PhoneNumberKit: 62003f40ff75315fd3738286558bc365365ac222

PODFILE CHECKSUM: 1e8ef367e02895b6e4cfc36f5fc4b22d5af2daa0

COCOAPODS: 1.5.3
